
Microsoft Visual Studio Solution File, Format Version 12.00
# Visual Studio 15
VisualStudioVersion = 15.0.28307.102
MinimumVisualStudioVersion = 10.0.40219.1
Project("{FAE04EC0-301F-11D3-BF4B-00C04F79EFBC}") = "LibUnidark", "LibUnidark\LibUnidark.csproj", "{4BD5F706-3BFF-43DD-A5A4-AA91E099484D}"
EndProject
Project("{FAE04EC0-301F-11D3-BF4B-00C04F79EFBC}") = "Unidark", "Unidark\Unidark.csproj", "{6386ADB1-5D53-453F-B93A-E261CF5873C6}"
EndProject
Global
	GlobalSection(SolutionConfigurationPlatforms) = preSolution
		Debug|Any CPU = Debug|Any CPU
		Release|Any CPU = Release|Any CPU
	EndGlobalSection
	GlobalSection(ProjectConfigurationPlatforms) = postSolution
		{4BD5F706-3BFF-43DD-A5A4-AA91E099484D}.Debug|Any CPU.ActiveCfg = Debug|Any CPU
		{4BD5F706-3BFF-43DD-A5A4-AA91E099484D}.Debug|Any CPU.Build.0 = Debug|Any CPU
		{4BD5F706-3BFF-43DD-A5A4-AA91E099484D}.Release|Any CPU.ActiveCfg = Release|Any CPU
		{4BD5F706-3BFF-43DD-A5A4-AA91E099484D}.Release|Any CPU.Build.0 = Release|Any CPU
		{6386ADB1-5D53-453F-B93A-E261CF5873C6}.Debug|Any CPU.ActiveCfg = Debug|Any CPU
		{6386ADB1-5D53-453F-B93A-E261CF5873C6}.Debug|Any CPU.Build.0 = Debug|Any CPU
		{6386ADB1-5D53-453F-B93A-E261CF5873C6}.Release|Any CPU.ActiveCfg = Release|Any CPU
		{6386ADB1-5D53-453F-B93A-E261CF5873C6}.Release|Any CPU.Build.0 = Release|Any CPU
	EndGlobalSection
	GlobalSection(SolutionProperties) = preSolution
		HideSolutionNode = FALSE
	EndGlobalSection
	GlobalSection(ExtensibilityGlobals) = postSolution
		SolutionGuid = {8E51C74C-F0DF-455B-898D-62365DD33CA0}
	EndGlobalSection
EndGlobal
